
Microsoft Visual Studio Solution File, Format Version 12.00
# Visual Studio Version 16
VisualStudioVersion = 16.0.30011.22
MinimumVisualStudioVersion = 10.0.40219.1
Project("{FAE04EC0-301F-11D3-BF4B-00C04F79EFBC}") = "SalesWebMVC", "SalesWebMVC\SalesWebMVC.csproj", "{171A39B7-101E-4E1F-893F-D8597175A399}"
EndProject
Global
	GlobalSection(SolutionConfigurationPlatforms) = preSolution
		Debug|Any CPU = Debug|Any CPU
		Release|Any CPU = Release|Any CPU
	EndGlobalSection
	GlobalSection(ProjectConfigurationPlatforms) = postSolution
		{171A39B7-101E-4E1F-893F-D8597175A399}.Debug|Any CPU.ActiveCfg = Debug|Any CPU
		{171A39B7-101E-4E1F-893F-D8597175A399}.Debug|Any CPU.Build.0 = Debug|Any CPU
		{171A39B7-101E-4E1F-893F-D8597175A399}.Release|Any CPU.ActiveCfg = Release|Any CPU
		{171A39B7-101E-4E1F-893F-D8597175A399}.Release|Any CPU.Build.0 = Release|Any CPU
	EndGlobalSection
	GlobalSection(SolutionProperties) = preSolution
		HideSolutionNode = FALSE
	EndGlobalSection
	GlobalSection(ExtensibilityGlobals) = postSolution
		SolutionGuid = {753FD3B7-0244-4526-AEC3-38E5DF75C7CD}
	EndGlobalSection
EndGlobal
